# THIS IS AN AUTOGENERATED FILE. DO NOT EDIT THIS FILE DIRECTLY.
# yarn lockfile v1


charenc@~0.0.1:
  version "0.0.2"
  resolved "http://registry.npm.taobao.org/charenc/download/charenc-0.0.2.tgz#c0a1d2f3a7092e03774bfa83f14c0fc5790a8667"

crypt@~0.0.1:
  version "0.0.2"
  resolved "http://registry.npm.taobao.org/crypt/download/crypt-0.0.2.tgz#88d7ff7ec0dfb86f713dc87bbb42d044d3e6c41b"

echarts@^4.0.4:
  version "4.0.4"
  resolved "https://registry.yarnpkg.com/echarts/-/echarts-4.0.4.tgz#36aa8a47d33543d3dfe6a7bc1228ddc3a1e41157"
  dependencies:
    zrender "4.0.3"

element-theme-chalk@^2.3.8:
  version "2.3.8"
  resolved "https://registry.yarnpkg.com/element-theme-chalk/-/element-theme-chalk-2.3.8.tgz#ee11063c3272ffd294d321e29a54da832ba30642"

is-buffer@~1.1.1:
  version "1.1.6"
  resolved "http://registry.npm.taobao.org/is-buffer/download/is-buffer-1.1.6.tgz#efaa2ea9daa0d7ab2ea13a97b2b8ad51fefbe8be"

js-cookie@^2.1.4:
  version "2.2.0"
  resolved "http://registry.npm.taobao.org/js-cookie/download/js-cookie-2.2.0.tgz#1b2c279a6eece380a12168b92485265b35b1effb"

lodash@^4.17.4:
  version "4.17.5"
  resolved "http://registry.npm.taobao.org/lodash/download/lodash-4.17.5.tgz#99a92d65c0272debe8c96b6057bc8fbfa3bed511"

md5@^2.2.1:
  version "2.2.1"
  resolved "http://registry.npm.taobao.org/md5/download/md5-2.2.1.tgz#53ab38d5fe3c8891ba465329ea23fac0540126f9"
  dependencies:
    charenc "~0.0.1"
    crypt "~0.0.1"
    is-buffer "~1.1.1"

resize-detector@^0.1.6:
  version "0.1.6"
  resolved "https://registry.yarnpkg.com/resize-detector/-/resize-detector-0.1.6.tgz#8c3fcb9e44913576c9981d8bec0c7e02e31bc1b1"

vue-echarts@^3.0.7:
  version "3.0.7"
  resolved "https://registry.yarnpkg.com/vue-echarts/-/vue-echarts-3.0.7.tgz#d1ce3a51156c7a83799e575ccbae53f7524eb655"
  dependencies:
    echarts "^4.0.4"
    lodash "^4.17.4"
    resize-detector "^0.1.6"

vue-i18n@^7.6.0:
  version "7.6.0"
  resolved "https://registry.yarnpkg.com/vue-i18n/-/vue-i18n-7.6.0.tgz#8745807756f6ca5090fd85629e9cab99b1c6e442"

wangeditor@^3.1.0:
  version "3.1.0"
  resolved "https://registry.yarnpkg.com/wangeditor/-/wangeditor-3.1.0.tgz#1832b65f661d34ed8de92353c44e2be8120a3837"

zrender@4.0.3:
  version "4.0.3"
  resolved "https://registry.yarnpkg.com/zrender/-/zrender-4.0.3.tgz#801ef001101750a61857f84e64c4d5fb3c88cca7"
